
Microsoft Visual Studio Solution File, Format Version 12.00
# Visual Studio Version 16
VisualStudioVersion = 16.0.28803.202
MinimumVisualStudioVersion = 10.0.40219.1
Project("{FAE04EC0-301F-11D3-BF4B-00C04F79EFBC}") = "lb5spz", "lb5spz\lb5spz.csproj", "{5642F689-6251-4B88-A374-6CEBAE68DADE}"
EndProject
Global
	GlobalSection(SolutionConfigurationPlatforms) = preSolution
		Debug|Any CPU = Debug|Any CPU
		Release|Any CPU = Release|Any CPU
	EndGlobalSection
	GlobalSection(ProjectConfigurationPlatforms) = postSolution
		{5642F689-6251-4B88-A374-6CEBAE68DADE}.Debug|Any CPU.ActiveCfg = Debug|Any CPU
		{5642F689-6251-4B88-A374-6CEBAE68DADE}.Debug|Any CPU.Build.0 = Debug|Any CPU
		{5642F689-6251-4B88-A374-6CEBAE68DADE}.Release|Any CPU.ActiveCfg = Release|Any CPU
		{5642F689-6251-4B88-A374-6CEBAE68DADE}.Release|Any CPU.Build.0 = Release|Any CPU
	EndGlobalSection
	GlobalSection(SolutionProperties) = preSolution
		HideSolutionNode = FALSE
	EndGlobalSection
	GlobalSection(ExtensibilityGlobals) = postSolution
		SolutionGuid = {85357E13-9543-40EE-9D29-D8A16D00ABCC}
	EndGlobalSection
EndGlobal
